// !$*UTF8*$!
{
	archiveVersion = 1;
	classes = {
	};
	objectVersion = 46;
	objects = {

/* Begin PBXBuildFile section */
		2850FFFA1FF422E0002945CC /* UITextField_Extensions.swift in Sources */ = {isa = PBXBuildFile; fileRef = 2850FFF91FF422E0002945CC /* UITextField_Extensions.swift */; };
		28D385381FEAC95600D166F9 /* UIAlertAction+Extensions.swift in Sources */ = {isa = PBXBuildFile; fileRef = 28D385371FEAC95600D166F9 /* UIAlertAction+Extensions.swift */; };
		35332A0B8A1E0491DB375C20 /* Pods_SwiftTODOsTests.framework in Frameworks */ = {isa = PBXBuildFile; fileRef = 3BA508C45ADC0115F4D9999E /* Pods_SwiftTODOsTests.framework */; };
		9D5940A61C9A20B500A86B2C /* TodoModelSpec.swift in Sources */ = {isa = PBXBuildFile; fileRef = 9D5940A51C9A20B500A86B2C /* TodoModelSpec.swift */; };
		9D5940AD1C9A424D00A86B2C /* TodosModel.swift in Sources */ = {isa = PBXBuildFile; fileRef = 9D5940AC1C9A424D00A86B2C /* TodosModel.swift */; };
		9D5940AF1C9A430500A86B2C /* TodosModelSpec.swift in Sources */ = {isa = PBXBuildFile; fileRef = 9D5940AE1C9A430500A86B2C /* TodosModelSpec.swift */; };
		9D917ED71C8B7BA5007D97F1 /* AppDelegate.swift in Sources */ = {isa = PBXBuildFile; fileRef = 9D917ED61C8B7BA5007D97F1 /* AppDelegate.swift */; };
		9D917ED91C8B7BA5007D97F1 /* TodosViewController.swift in Sources */ = {isa = PBXBuildFile; fileRef = 9D917ED81C8B7BA5007D97F1 /* TodosViewController.swift */; };
		9D917EDE1C8B7BA5007D97F1 /* Main.storyboard in Resources */ = {isa = PBXBuildFile; fileRef = 9D917EDC1C8B7BA5007D97F1 /* Main.storyboard */; };
		9D917EE01C8B7BA5007D97F1 /* Assets.xcassets in Resources */ = {isa = PBXBuildFile; fileRef = 9D917EDF1C8B7BA5007D97F1 /* Assets.xcassets */; };
		9D917EE31C8B7BA5007D97F1 /* LaunchScreen.storyboard in Resources */ = {isa = PBXBuildFile; fileRef = 9D917EE11C8B7BA5007D97F1 /* LaunchScreen.storyboard */; };
		9D917EEE1C8B7BA5007D97F1 /* SwiftTODOsTests.swift in Sources */ = {isa = PBXBuildFile; fileRef = 9D917EED1C8B7BA5007D97F1 /* SwiftTODOsTests.swift */; };
		9D917EFB1C8CAA86007D97F1 /* TodoTableViewCell.swift in Sources */ = {isa = PBXBuildFile; fileRef = 9D917EFA1C8CAA86007D97F1 /* TodoTableViewCell.swift */; };
		9D917EFD1C8CF567007D97F1 /* TodoModel.swift in Sources */ = {isa = PBXBuildFile; fileRef = 9D917EFC1C8CF567007D97F1 /* TodoModel.swift */; };
/* End PBXBuildFile section */

/* Begin PBXContainerItemProxy section */
		9D917EEA1C8B7BA5007D97F1 /* PBXContainerItemProxy */ = {
			isa = PBXContainerItemProxy;
			containerPortal = 9D917ECB1C8B7BA4007D97F1 /* Project object */;
			proxyType = 1;
			remoteGlobalIDString = 9D917ED21C8B7BA5007D97F1;
			remoteInfo = SwiftTODOs;
		};
/* End PBXContainerItemProxy section */

/* Begin PBXFileReference section */
		2850FFF91FF422E0002945CC /* UITextField_Extensions.swift */ = {isa = PBXFileReference; lastKnownFileType = sourcecode.swift; path = UITextField_Extensions.swift; sourceTree = "<group>"; };
		28D385371FEAC95600D166F9 /* UIAlertAction+Extensions.swift */ = {isa = PBXFileReference; lastKnownFileType = sourcecode.swift; path = "UIAlertAction+Extensions.swift"; sourceTree = "<group>"; };
		3BA508C45ADC0115F4D9999E /* Pods_SwiftTODOsTests.framework */ = {isa = PBXFileReference; explicitFileType = wrapper.framework; includeInIndex = 0; path = Pods_SwiftTODOsTests.framework; sourceTree = BUILT_PRODUCTS_DIR; };
		9D5940A51C9A20B500A86B2C /* TodoModelSpec.swift */ = {isa = PBXFileReference; fileEncoding = 4; lastKnownFileType = sourcecode.swift; path = TodoModelSpec.swift; sourceTree = "<group>"; };
		9D5940AC1C9A424D00A86B2C /* TodosModel.swift */ = {isa = PBXFileReference; fileEncoding = 4; lastKnownFileType = sourcecode.swift; path = TodosModel.swift; sourceTree = "<group>"; };
		9D5940AE1C9A430500A86B2C /* TodosModelSpec.swift */ = {isa = PBXFileReference; fileEncoding = 4; lastKnownFileType = sourcecode.swift; path = TodosModelSpec.swift; sourceTree = "<group>"; };
		9D917ED31C8B7BA5007D97F1 /* SwiftTODOs.app */ = {isa = PBXFileReference; explicitFileType = wrapper.application; includeInIndex = 0; path = SwiftTODOs.app; sourceTree = BUILT_PRODUCTS_DIR; };
		9D917ED61C8B7BA5007D97F1 /* AppDelegate.swift */ = {isa = PBXFileReference; lastKnownFileType = sourcecode.swift; path = AppDelegate.swift; sourceTree = "<group>"; };
		9D917ED81C8B7BA5007D97F1 /* TodosViewController.swift */ = {isa = PBXFileReference; lastKnownFileType = sourcecode.swift; path = TodosViewController.swift; sourceTree = "<group>"; };
		9D917EDD1C8B7BA5007D97F1 /* Base */ = {isa = PBXFileReference; lastKnownFileType = file.storyboard; name = Base; path = Base.lproj/Main.storyboard; sourceTree = "<group>"; };
		9D917EDF1C8B7BA5007D97F1 /* Assets.xcassets */ = {isa = PBXFileReference; lastKnownFileType = folder.assetcatalog; path = Assets.xcassets; sourceTree = "<group>"; };
		9D917EE21C8B7BA5007D97F1 /* Base */ = {isa = PBXFileReference; lastKnownFileType = file.storyboard; name = Base; path = Base.lproj/LaunchScreen.storyboard; sourceTree = "<group>"; };
		9D917EE41C8B7BA5007D97F1 /* Info.plist */ = {isa = PBXFileReference; lastKnownFileType = text.plist.xml; path = Info.plist; sourceTree = "<group>"; };
		9D917EE91C8B7BA5007D97F1 /* SwiftTODOsTests.xctest */ = {isa = PBXFileReference; explicitFileType = wrapper.cfbundle; includeInIndex = 0; path = SwiftTODOsTests.xctest; sourceTree = BUILT_PRODUCTS_DIR; };
		9D917EED1C8B7BA5007D97F1 /* SwiftTODOsTests.swift */ = {isa = PBXFileReference; lastKnownFileType = sourcecode.swift; path = SwiftTODOsTests.swift; sourceTree = "<group>"; };
		9D917EEF1C8B7BA5007D97F1 /* Info.plist */ = {isa = PBXFileReference; lastKnownFileType = text.plist.xml; path = Info.plist; sourceTree = "<group>"; };
		9D917EFA1C8CAA86007D97F1 /* TodoTableViewCell.swift */ = {isa = PBXFileReference; fileEncoding = 4; lastKnownFileType = sourcecode.swift; path = TodoTableViewCell.swift; sourceTree = "<group>"; };
		9D917EFC1C8CF567007D97F1 /* TodoModel.swift */ = {isa = PBXFileReference; fileEncoding = 4; lastKnownFileType = sourcecode.swift; path = TodoModel.swift; sourceTree = "<group>"; };
		C5B3F31F68F773DF96DF7F39 /* Pods-SwiftTODOsTests.release.xcconfig */ = {isa = PBXFileReference; includeInIndex = 1; lastKnownFileType = text.xcconfig; name = "Pods-SwiftTODOsTests.release.xcconfig"; path = "Pods/Target Support Files/Pods-SwiftTODOsTests/Pods-SwiftTODOsTests.release.xcconfig"; sourceTree = "<group>"; };
		D0462307809BDC568FEEB67B /* Pods-SwiftTODOsTests.debug.xcconfig */ = {isa = PBXFileReference; includeInIndex = 1; lastKnownFileType = text.xcconfig; name = "Pods-SwiftTODOsTests.debug.xcconfig"; path = "Pods/Target Support Files/Pods-SwiftTODOsTests/Pods-SwiftTODOsTests.debug.xcconfig"; sourceTree = "<group>"; };
/* End PBXFileReference section */

/* Begin PBXFrameworksBuildPhase section */
		9D917ED01C8B7BA5007D97F1 /* Frameworks */ = {
			isa = PBXFrameworksBuildPhase;
			buildActionMask = 2147483647;
			files = (
			);
			runOnlyForDeploymentPostprocessing = 0;
		};
		9D917EE61C8B7BA5007D97F1 /* Frameworks */ = {
			isa = PBXFrameworksBuildPhase;
			buildActionMask = 2147483647;
			files = (
				35332A0B8A1E0491DB375C20 /* Pods_SwiftTODOsTests.framework in Frameworks */,
			);
			runOnlyForDeploymentPostprocessing = 0;
		};
/* End PBXFrameworksBuildPhase section */

/* Begin PBXGroup section */
		28D385361FEAC90A00D166F9 /* ui_helpers */ = {
			isa = PBXGroup;
			children = (
				28D385371FEAC95600D166F9 /* UIAlertAction+Extensions.swift */,
				2850FFF91FF422E0002945CC /* UITextField_Extensions.swift */,
			);
			path = ui_helpers;
			sourceTree = "<group>";
		};
		5131478F6575B171630AA3E0 /* Pods */ = {
			isa = PBXGroup;
			children = (
				D0462307809BDC568FEEB67B /* Pods-SwiftTODOsTests.debug.xcconfig */,
				C5B3F31F68F773DF96DF7F39 /* Pods-SwiftTODOsTests.release.xcconfig */,
			);
			name = Pods;
			sourceTree = "<group>";
		};
		9D917ECA1C8B7BA4007D97F1 = {
			isa = PBXGroup;
			children = (
				9D917ED51C8B7BA5007D97F1 /* SwiftTODOs */,
				9D917EEC1C8B7BA5007D97F1 /* SwiftTODOsTests */,
				9D917ED41C8B7BA5007D97F1 /* Products */,
				5131478F6575B171630AA3E0 /* Pods */,
				A6396F0445C426A5B6704266 /* Frameworks */,
			);
			sourceTree = "<group>";
		};
		9D917ED41C8B7BA5007D97F1 /* Products */ = {
			isa = PBXGroup;
			children = (
				9D917ED31C8B7BA5007D97F1 /* SwiftTODOs.app */,
				9D917EE91C8B7BA5007D97F1 /* SwiftTODOsTests.xctest */,
			);
			name = Products;
			sourceTree = "<group>";
		};
		9D917ED51C8B7BA5007D97F1 /* SwiftTODOs */ = {
			isa = PBXGroup;
			children = (
				28D385361FEAC90A00D166F9 /* ui_helpers */,
				9D917ED61C8B7BA5007D97F1 /* AppDelegate.swift */,
				9D917ED81C8B7BA5007D97F1 /* TodosViewController.swift */,
				9D917EDC1C8B7BA5007D97F1 /* Main.storyboard */,
				9D917EDF1C8B7BA5007D97F1 /* Assets.xcassets */,
				9D917EE11C8B7BA5007D97F1 /* LaunchScreen.storyboard */,
				9D917EE41C8B7BA5007D97F1 /* Info.plist */,
				9D917EFA1C8CAA86007D97F1 /* TodoTableViewCell.swift */,
				9D917EFC1C8CF567007D97F1 /* TodoModel.swift */,
				9D5940AC1C9A424D00A86B2C /* TodosModel.swift */,
			);
			path = SwiftTODOs;
			sourceTree = "<group>";
		};
		9D917EEC1C8B7BA5007D97F1 /* SwiftTODOsTests */ = {
			isa = PBXGroup;
			children = (
				9D917EED1C8B7BA5007D97F1 /* SwiftTODOsTests.swift */,
				9D917EEF1C8B7BA5007D97F1 /* Info.plist */,
				9D5940A51C9A20B500A86B2C /* TodoModelSpec.swift */,
				9D5940AE1C9A430500A86B2C /* TodosModelSpec.swift */,
			);
			path = SwiftTODOsTests;
			sourceTree = "<group>";
		};
		A6396F0445C426A5B6704266 /* Frameworks */ = {
			isa = PBXGroup;
			children = (
				3BA508C45ADC0115F4D9999E /* Pods_SwiftTODOsTests.framework */,
			);
			name = Frameworks;
			sourceTree = "<group>";
		};
/* End PBXGroup section */

/* Begin PBXNativeTarget section */
		9D917ED21C8B7BA5007D97F1 /* SwiftTODOs */ = {
			isa = PBXNativeTarget;
			buildConfigurationList = 9D917EF21C8B7BA6007D97F1 /* Build configuration list for PBXNativeTarget "SwiftTODOs" */;
			buildPhases = (
				9D917ECF1C8B7BA5007D97F1 /* Sources */,
				9D917ED01C8B7BA5007D97F1 /* Frameworks */,
				9D917ED11C8B7BA5007D97F1 /* Resources */,
			);
			buildRules = (
			);
			dependencies = (
			);
			name = SwiftTODOs;
			productName = SwiftTODOs;
			productReference = 9D917ED31C8B7BA5007D97F1 /* SwiftTODOs.app */;
			productType = "com.apple.product-type.application";
		};
		9D917EE81C8B7BA5007D97F1 /* SwiftTODOsTests */ = {
			isa = PBXNativeTarget;
			buildConfigurationList = 9D917EF51C8B7BA6007D97F1 /* Build configuration list for PBXNativeTarget "SwiftTODOsTests" */;
			buildPhases = (
				1D32DD34EA2A919882416A51 /* [CP] Check Pods Manifest.lock */,
				9D917EE51C8B7BA5007D97F1 /* Sources */,
				9D917EE61C8B7BA5007D97F1 /* Frameworks */,
				9D917EE71C8B7BA5007D97F1 /* Resources */,
				E63FDB2D90195836B1B9F13D /* [CP] Embed Pods Frameworks */,
				03A4E437FB36D29778B11A9A /* [CP] Copy Pods Resources */,
			);
			buildRules = (
			);
			dependencies = (
				9D917EEB1C8B7BA5007D97F1 /* PBXTargetDependency */,
			);
			name = SwiftTODOsTests;
			productName = SwiftTODOsTests;
			productReference = 9D917EE91C8B7BA5007D97F1 /* SwiftTODOsTests.xctest */;
			productType = "com.apple.product-type.bundle.unit-test";
		};
/* End PBXNativeTarget section */

/* Begin PBXProject section */
		9D917ECB1C8B7BA4007D97F1 /* Project object */ = {
			isa = PBXProject;
			attributes = {
				LastSwiftUpdateCheck = 0720;
				LastUpgradeCheck = 0720;
				ORGANIZATIONNAME = "Vitor Navarro";
				TargetAttributes = {
					9D917ED21C8B7BA5007D97F1 = {
						CreatedOnToolsVersion = 7.2;
						LastSwiftMigration = 0830;
					};
					9D917EE81C8B7BA5007D97F1 = {
						CreatedOnToolsVersion = 7.2;
						LastSwiftMigration = 0830;
						TestTargetID = 9D917ED21C8B7BA5007D97F1;
					};
				};
			};
			buildConfigurationList = 9D917ECE1C8B7BA5007D97F1 /* Build configuration list for PBXProject "SwiftTODOs" */;
			compatibilityVersion = "Xcode 3.2";
			developmentRegion = English;
			hasScannedForEncodings = 0;
			knownRegions = (
				en,
				Base,
			);
			mainGroup = 9D917ECA1C8B7BA4007D97F1;
			productRefGroup = 9D917ED41C8B7BA5007D97F1 /* Products */;
			projectDirPath = "";
			projectRoot = "";
			targets = (
				9D917ED21C8B7BA5007D97F1 /* SwiftTODOs */,
				9D917EE81C8B7BA5007D97F1 /* SwiftTODOsTests */,
			);
		};
/* End PBXProject section */

/* Begin PBXResourcesBuildPhase section */
		9D917ED11C8B7BA5007D97F1 /* Resources */ = {
			isa = PBXResourcesBuildPhase;
			buildActionMask = 2147483647;
			files = (
				9D917EE31C8B7BA5007D97F1 /* LaunchScreen.storyboard in Resources */,
				9D917EE01C8B7BA5007D97F1 /* Assets.xcassets in Resources */,
				9D917EDE1C8B7BA5007D97F1 /* Main.storyboard in Resources */,
			);
			runOnlyForDeploymentPostprocessing = 0;
		};
		9D917EE71C8B7BA5007D97F1 /* Resources */ = {
			isa = PBXResourcesBuildPhase;
			buildActionMask = 2147483647;
			files = (
			);
			runOnlyForDeploymentPostprocessing = 0;
		};
/* End PBXResourcesBuildPhase section */

/* Begin PBXShellScriptBuildPhase section */
		03A4E437FB36D29778B11A9A /* [CP] Copy Pods Resources */ = {
			isa = PBXShellScriptBuildPhase;
			buildActionMask = 2147483647;
			files = (
			);
			inputPaths = (
			);
			name = "[CP] Copy Pods Resources";
			outputPaths = (
			);
			runOnlyForDeploymentPostprocessing = 0;
			shellPath = /bin/sh;
			shellScript = "\"${SRCROOT}/Pods/Target Support Files/Pods-SwiftTODOsTests/Pods-SwiftTODOsTests-resources.sh\"\n";
			showEnvVarsInLog = 0;
		};
		1D32DD34EA2A919882416A51 /* [CP] Check Pods Manifest.lock */ = {
			isa = PBXShellScriptBuildPhase;
			buildActionMask = 2147483647;
			files = (
			);
			inputPaths = (
			);
			name = "[CP] Check Pods Manifest.lock";
			outputPaths = (
			);
			runOnlyForDeploymentPostprocessing = 0;
			shellPath = /bin/sh;
			shellScript = "diff \"${PODS_PODFILE_DIR_PATH}/Podfile.lock\" \"${PODS_ROOT}/Manifest.lock\" > /dev/null\nif [ $? != 0 ] ; then\n    # print error to STDERR\n    echo \"error: The sandbox is not in sync with the Podfile.lock. Run 'pod install' or update your CocoaPods installation.\" >&2\n    exit 1\nfi\n";
			showEnvVarsInLog = 0;
		};
		E63FDB2D90195836B1B9F13D /* [CP] Embed Pods Frameworks */ = {
			isa = PBXShellScriptBuildPhase;
			buildActionMask = 2147483647;
			files = (
			);
			inputPaths = (
			);
			name = "[CP] Embed Pods Frameworks";
			outputPaths = (
			);
			runOnlyForDeploymentPostprocessing = 0;
			shellPath = /bin/sh;
			shellScript = "\"${SRCROOT}/Pods/Target Support Files/Pods-SwiftTODOsTests/Pods-SwiftTODOsTests-frameworks.sh\"\n";
			showEnvVarsInLog = 0;
		};
/* End PBXShellScriptBuildPhase section */

/* Begin PBXSourcesBuildPhase section */
		9D917ECF1C8B7BA5007D97F1 /* Sources */ = {
			isa = PBXSourcesBuildPhase;
			buildActionMask = 2147483647;
			files = (
				9D5940AD1C9A424D00A86B2C /* TodosModel.swift in Sources */,
				9D917ED71C8B7BA5007D97F1 /* AppDelegate.swift in Sources */,
				2850FFFA1FF422E0002945CC /* UITextField_Extensions.swift in Sources */,
				28D385381FEAC95600D166F9 /* UIAlertAction+Extensions.swift in Sources */,
				9D917EFD1C8CF567007D97F1 /* TodoModel.swift in Sources */,
				9D917EFB1C8CAA86007D97F1 /* TodoTableViewCell.swift in Sources */,
				9D917ED91C8B7BA5007D97F1 /* TodosViewController.swift in Sources */,
			);
			runOnlyForDeploymentPostprocessing = 0;
		};
		9D917EE51C8B7BA5007D97F1 /* Sources */ = {
			isa = PBXSourcesBuildPhase;
			buildActionMask = 2147483647;
			files = (
				9D5940A61C9A20B500A86B2C /* TodoModelSpec.swift in Sources */,
				9D5940AF1C9A430500A86B2C /* TodosModelSpec.swift in Sources */,
				9D917EEE1C8B7BA5007D97F1 /* SwiftTODOsTests.swift in Sources */,
			);
			runOnlyForDeploymentPostprocessing = 0;
		};
/* End PBXSourcesBuildPhase section */

/* Begin PBXTargetDependency section */
		9D917EEB1C8B7BA5007D97F1 /* PBXTargetDependency */ = {
			isa = PBXTargetDependency;
			target = 9D917ED21C8B7BA5007D97F1 /* SwiftTODOs */;
			targetProxy = 9D917EEA1C8B7BA5007D97F1 /* PBXContainerItemProxy */;
		};
/* End PBXTargetDependency section */

/* Begin PBXVariantGroup section */
		9D917EDC1C8B7BA5007D97F1 /* Main.storyboard */ = {
			isa = PBXVariantGroup;
			children = (
				9D917EDD1C8B7BA5007D97F1 /* Base */,
			);
			name = Main.storyboard;
			sourceTree = "<group>";
		};
		9D917EE11C8B7BA5007D97F1 /* LaunchScreen.storyboard */ = {
			isa = PBXVariantGroup;
			children = (
				9D917EE21C8B7BA5007D97F1 /* Base */,
			);
			name = LaunchScreen.storyboard;
			sourceTree = "<group>";
		};
/* End PBXVariantGroup section */

/* Begin XCBuildConfiguration section */
		9D917EF01C8B7BA6007D97F1 /* Debug */ = {
			isa = XCBuildConfiguration;
			buildSettings = {
				ALWAYS_SEARCH_USER_PATHS = NO;
				CLANG_CXX_LANGUAGE_STANDARD = "gnu++0x";
				CLANG_CXX_LIBRARY = "libc++";
				CLANG_ENABLE_MODULES = YES;
				CLANG_ENABLE_OBJC_ARC = YES;
				CLANG_WARN_BOOL_CONVERSION = YES;
				CLANG_WARN_CONSTANT_CONVERSION = YES;
				CLANG_WARN_DIRECT_OBJC_ISA_USAGE = YES_ERROR;
				CLANG_WARN_EMPTY_BODY = YES;
				CLANG_WARN_ENUM_CONVERSION = YES;
				CLANG_WARN_INT_CONVERSION = YES;
				CLANG_WARN_OBJC_ROOT_CLASS = YES_ERROR;
				CLANG_WARN_UNREACHABLE_CODE = YES;
				CLANG_WARN__DUPLICATE_METHOD_MATCH = YES;
				"CODE_SIGN_IDENTITY[sdk=iphoneos*]" = "iPhone Developer";
				COPY_PHASE_STRIP = NO;
				DEBUG_INFORMATION_FORMAT = dwarf;
				DEFINES_MODULE = NO;
				ENABLE_STRICT_OBJC_MSGSEND = YES;
				ENABLE_TESTABILITY = YES;
				GCC_C_LANGUAGE_STANDARD = gnu99;
				GCC_DYNAMIC_NO_PIC = NO;
				GCC_NO_COMMON_BLOCKS = YES;
				GCC_OPTIMIZATION_LEVEL = 0;
				GCC_PREPROCESSOR_DEFINITIONS = (
					"DEBUG=1",
					"$(inherited)",
				);
				GCC_WARN_64_TO_32_BIT_CONVERSION = YES;
				GCC_WARN_ABOUT_RETURN_TYPE = YES_ERROR;
				GCC_WARN_UNDECLARED_SELECTOR = YES;
				GCC_WARN_UNINITIALIZED_AUTOS = YES_AGGRESSIVE;
				GCC_WARN_UNUSED_FUNCTION = YES;
				GCC_WARN_UNUSED_VARIABLE = YES;
				IPHONEOS_DEPLOYMENT_TARGET = 9.2;
				MTL_ENABLE_DEBUG_INFO = YES;
				ONLY_ACTIVE_ARCH = YES;
				SDKROOT = iphoneos;
				SWIFT_OPTIMIZATION_LEVEL = "-Onone";
				TARGETED_DEVICE_FAMILY = "1,2";
			};
			name = Debug;
		};
		9D917EF11C8B7BA6007D97F1 /* Release */ = {
			isa = XCBuildConfiguration;
			buildSettings = {
				ALWAYS_SEARCH_USER_PATHS = NO;
				CLANG_CXX_LANGUAGE_STANDARD = "gnu++0x";
				CLANG_CXX_LIBRARY = "libc++";
				CLANG_ENABLE_MODULES = YES;
				CLANG_ENABLE_OBJC_ARC = YES;
				CLANG_WARN_BOOL_CONVERSION = YES;
				CLANG_WARN_CONSTANT_CONVERSION = YES;
				CLANG_WARN_DIRECT_OBJC_ISA_USAGE = YES_ERROR;
				CLANG_WARN_EMPTY_BODY = YES;
				CLANG_WARN_ENUM_CONVERSION = YES;
				CLANG_WARN_INT_CONVERSION = YES;
				CLANG_WARN_OBJC_ROOT_CLASS = YES_ERROR;
				CLANG_WARN_UNREACHABLE_CODE = YES;
				CLANG_WARN__DUPLICATE_METHOD_MATCH = YES;
				"CODE_SIGN_IDENTITY[sdk=iphoneos*]" = "iPhone Developer";
				COPY_PHASE_STRIP = NO;
				DEBUG_INFORMATION_FORMAT = "dwarf-with-dsym";
				DEFINES_MODULE = NO;
				ENABLE_NS_ASSERTIONS = NO;
				ENABLE_STRICT_OBJC_MSGSEND = YES;
				GCC_C_LANGUAGE_STANDARD = gnu99;
				GCC_NO_COMMON_BLOCKS = YES;
				GCC_WARN_64_TO_32_BIT_CONVERSION = YES;
				GCC_WARN_ABOUT_RETURN_TYPE = YES_ERROR;
				GCC_WARN_UNDECLARED_SELECTOR = YES;
				GCC_WARN_UNINITIALIZED_AUTOS = YES_AGGRESSIVE;
				GCC_WARN_UNUSED_FUNCTION = YES;
				GCC_WARN_UNUSED_VARIABLE = YES;
				IPHONEOS_DEPLOYMENT_TARGET = 9.2;
				MTL_ENABLE_DEBUG_INFO = NO;
				SDKROOT = iphoneos;
				TARGETED_DEVICE_FAMILY = "1,2";
				VALIDATE_PRODUCT = YES;
			};
			name = Release;
		};
		9D917EF31C8B7BA6007D97F1 /* Debug */ = {
			isa = XCBuildConfiguration;
			buildSettings = {
				ASSETCATALOG_COMPILER_APPICON_NAME = AppIcon;
				DEFINES_MODULE = NO;
				INFOPLIST_FILE = SwiftTODOs/Info.plist;
				IPHONEOS_DEPLOYMENT_TARGET = 9.0;
				LD_RUNPATH_SEARCH_PATHS = "$(inherited) @executable_path/Frameworks";
				PRODUCT_BUNDLE_IDENTIFIER = br.com.vnavarro.SwiftTODOs;
				PRODUCT_NAME = "$(TARGET_NAME)";
				SWIFT_VERSION = 3.0;
			};
			name = Debug;
		};
		9D917EF41C8B7BA6007D97F1 /* Release */ = {
			isa = XCBuildConfiguration;
			buildSettings = {
				ASSETCATALOG_COMPILER_APPICON_NAME = AppIcon;
				DEFINES_MODULE = NO;
				INFOPLIST_FILE = SwiftTODOs/Info.plist;
				IPHONEOS_DEPLOYMENT_TARGET = 9.0;
				LD_RUNPATH_SEARCH_PATHS = "$(inherited) @executable_path/Frameworks";
				PRODUCT_BUNDLE_IDENTIFIER = br.com.vnavarro.SwiftTODOs;
				PRODUCT_NAME = "$(TARGET_NAME)";
				SWIFT_VERSION = 3.0;
			};
			name = Release;
		};
		9D917EF61C8B7BA6007D97F1 /* Debug */ = {
			isa = XCBuildConfiguration;
			baseConfigurationReference = D0462307809BDC568FEEB67B /* Pods-SwiftTODOsTests.debug.xcconfig */;
			buildSettings = {
				BUNDLE_LOADER = "$(TEST_HOST)";
				INFOPLIST_FILE = SwiftTODOsTests/Info.plist;
				LD_RUNPATH_SEARCH_PATHS = "$(inherited) @executable_path/Frameworks @loader_path/Frameworks";
				PRODUCT_BUNDLE_IDENTIFIER = br.com.vnavarro.SwiftTODOsTests;
				PRODUCT_NAME = "$(TARGET_NAME)";
				SWIFT_VERSION = 3.0;
				TEST_HOST = "$(BUILT_PRODUCTS_DIR)/SwiftTODOs.app/SwiftTODOs";
			};
			name = Debug;
		};
		9D917EF71C8B7BA6007D97F1 /* Release */ = {
			isa = XCBuildConfiguration;
			baseConfigurationReference = C5B3F31F68F773DF96DF7F39 /* Pods-SwiftTODOsTests.release.xcconfig */;
			buildSettings = {
				BUNDLE_LOADER = "$(TEST_HOST)";
				INFOPLIST_FILE = SwiftTODOsTests/Info.plist;
				LD_RUNPATH_SEARCH_PATHS = "$(inherited) @executable_path/Frameworks @loader_path/Frameworks";
				PRODUCT_BUNDLE_IDENTIFIER = br.com.vnavarro.SwiftTODOsTests;
				PRODUCT_NAME = "$(TARGET_NAME)";
				SWIFT_VERSION = 3.0;
				TEST_HOST = "$(BUILT_PRODUCTS_DIR)/SwiftTODOs.app/SwiftTODOs";
			};
			name = Release;
		};
/* End XCBuildConfiguration section */

/* Begin XCConfigurationList section */
		9D917ECE1C8B7BA5007D97F1 /* Build configuration list for PBXProject "SwiftTODOs" */ = {
			isa = XCConfigurationList;
			buildConfigurations = (
				9D917EF01C8B7BA6007D97F1 /* Debug */,
				9D917EF11C8B7BA6007D97F1 /* Release */,
			);
			defaultConfigurationIsVisible = 0;
			defaultConfigurationName = Release;
		};
		9D917EF21C8B7BA6007D97F1 /* Build configuration list for PBXNativeTarget "SwiftTODOs" */ = {
			isa = XCConfigurationList;
			buildConfigurations = (
				9D917EF31C8B7BA6007D97F1 /* Debug */,
				9D917EF41C8B7BA6007D97F1 /* Release */,
			);
			defaultConfigurationIsVisible = 0;
			defaultConfigurationName = Release;
		};
		9D917EF51C8B7BA6007D97F1 /* Build configuration list for PBXNativeTarget "SwiftTODOsTests" */ = {
			isa = XCConfigurationList;
			buildConfigurations = (
				9D917EF61C8B7BA6007D97F1 /* Debug */,
				9D917EF71C8B7BA6007D97F1 /* Release */,
			);
			defaultConfigurationIsVisible = 0;
			defaultConfigurationName = Release;
		};
/* End XCConfigurationList section */
	};
	rootObject = 9D917ECB1C8B7BA4007D97F1 /* Project object */;
}
